
Microsoft Visual Studio Solution File, Format Version 12.00
# Visual Studio 15
VisualStudioVersion = 15.0.28307.572
MinimumVisualStudioVersion = 10.0.40219.1
Project("{9A19103F-16F7-4668-BE54-9A1E7A4F7556}") = "WebX", "WebX\WebX.csproj", "{BE392CB9-11E4-4A8B-BA73-A38B4D34C8D1}"
	ProjectSection(ProjectDependencies) = postProject
		{B0671D04-B4C4-4F43-B72C-4C207299DB72} = {B0671D04-B4C4-4F43-B72C-4C207299DB72}
		{A39D42BB-C50E-4AE6-B7A3-2281B367AF2D} = {A39D42BB-C50E-4AE6-B7A3-2281B367AF2D}
		{D70545C2-A759-40E8-AEFB-6815632F1CCA} = {D70545C2-A759-40E8-AEFB-6815632F1CCA}
		{269788C6-785A-40F5-AF5B-FEE21006D466} = {269788C6-785A-40F5-AF5B-FEE21006D466}
		{21891ECA-251B-4F79-9165-614AFB9D2E28} = {21891ECA-251B-4F79-9165-614AFB9D2E28}
	EndProjectSection
EndProject
Project("{9A19103F-16F7-4668-BE54-9A1E7A4F7556}") = "WebX.COMMON", "WebX.COMMON\WebX.COMMON.csproj", "{D70545C2-A759-40E8-AEFB-6815632F1CCA}"
EndProject
Project("{9A19103F-16F7-4668-BE54-9A1E7A4F7556}") = "WebX.DAL", "WebX.DBL\WebX.DAL.csproj", "{B0671D04-B4C4-4F43-B72C-4C207299DB72}"
	ProjectSection(ProjectDependencies) = postProject
		{D70545C2-A759-40E8-AEFB-6815632F1CCA} = {D70545C2-A759-40E8-AEFB-6815632F1CCA}
	EndProjectSection
EndProject
Project("{9A19103F-16F7-4668-BE54-9A1E7A4F7556}") = "WebX.MODEL", "WebX.MODEL\WebX.MODEL.csproj", "{269788C6-785A-40F5-AF5B-FEE21006D466}"
EndProject
Project("{9A19103F-16F7-4668-BE54-9A1E7A4F7556}") = "WebX.Utility", "WebX.Utility\WebX.Utility.csproj", "{21891ECA-251B-4F79-9165-614AFB9D2E28}"
EndProject
Project("{9A19103F-16F7-4668-BE54-9A1E7A4F7556}") = "WebX.BLL", "WebX.DLL\WebX.BLL.csproj", "{A39D42BB-C50E-4AE6-B7A3-2281B367AF2D}"
	ProjectSection(ProjectDependencies) = postProject
		{B0671D04-B4C4-4F43-B72C-4C207299DB72} = {B0671D04-B4C4-4F43-B72C-4C207299DB72}
		{D70545C2-A759-40E8-AEFB-6815632F1CCA} = {D70545C2-A759-40E8-AEFB-6815632F1CCA}
	EndProjectSection
EndProject
Project("{FAE04EC0-301F-11D3-BF4B-00C04F79EFBC}") = "WebX.DbCONT", "WebX.DbContext\WebX.DbCONT.csproj", "{EAC3745C-CE3D-49F6-B90B-63CA7B033060}"
EndProject
Global
	GlobalSection(SolutionConfigurationPlatforms) = preSolution
		Debug|Any CPU = Debug|Any CPU
		Release|Any CPU = Release|Any CPU
	EndGlobalSection
	GlobalSection(ProjectConfigurationPlatforms) = postSolution
		{BE392CB9-11E4-4A8B-BA73-A38B4D34C8D1}.Debug|Any CPU.ActiveCfg = Debug|Any CPU
		{BE392CB9-11E4-4A8B-BA73-A38B4D34C8D1}.Debug|Any CPU.Build.0 = Debug|Any CPU
		{BE392CB9-11E4-4A8B-BA73-A38B4D34C8D1}.Release|Any CPU.ActiveCfg = Release|Any CPU
		{BE392CB9-11E4-4A8B-BA73-A38B4D34C8D1}.Release|Any CPU.Build.0 = Release|Any CPU
		{D70545C2-A759-40E8-AEFB-6815632F1CCA}.Debug|Any CPU.ActiveCfg = Debug|Any CPU
		{D70545C2-A759-40E8-AEFB-6815632F1CCA}.Debug|Any CPU.Build.0 = Debug|Any CPU
		{D70545C2-A759-40E8-AEFB-6815632F1CCA}.Release|Any CPU.ActiveCfg = Release|Any CPU
		{D70545C2-A759-40E8-AEFB-6815632F1CCA}.Release|Any CPU.Build.0 = Release|Any CPU
		{B0671D04-B4C4-4F43-B72C-4C207299DB72}.Debug|Any CPU.ActiveCfg = Debug|Any CPU
		{B0671D04-B4C4-4F43-B72C-4C207299DB72}.Debug|Any CPU.Build.0 = Debug|Any CPU
		{B0671D04-B4C4-4F43-B72C-4C207299DB72}.Release|Any CPU.ActiveCfg = Release|Any CPU
		{B0671D04-B4C4-4F43-B72C-4C207299DB72}.Release|Any CPU.Build.0 = Release|Any CPU
		{269788C6-785A-40F5-AF5B-FEE21006D466}.Debug|Any CPU.ActiveCfg = Debug|Any CPU
		{269788C6-785A-40F5-AF5B-FEE21006D466}.Debug|Any CPU.Build.0 = Debug|Any CPU
		{269788C6-785A-40F5-AF5B-FEE21006D466}.Release|Any CPU.ActiveCfg = Release|Any CPU
		{269788C6-785A-40F5-AF5B-FEE21006D466}.Release|Any CPU.Build.0 = Release|Any CPU
		{21891ECA-251B-4F79-9165-614AFB9D2E28}.Debug|Any CPU.ActiveCfg = Debug|Any CPU
		{21891ECA-251B-4F79-9165-614AFB9D2E28}.Debug|Any CPU.Build.0 = Debug|Any CPU
		{21891ECA-251B-4F79-9165-614AFB9D2E28}.Release|Any CPU.ActiveCfg = Release|Any CPU
		{21891ECA-251B-4F79-9165-614AFB9D2E28}.Release|Any CPU.Build.0 = Release|Any CPU
		{A39D42BB-C50E-4AE6-B7A3-2281B367AF2D}.Debug|Any CPU.ActiveCfg = Debug|Any CPU
		{A39D42BB-C50E-4AE6-B7A3-2281B367AF2D}.Debug|Any CPU.Build.0 = Debug|Any CPU
		{A39D42BB-C50E-4AE6-B7A3-2281B367AF2D}.Release|Any CPU.ActiveCfg = Release|Any CPU
		{A39D42BB-C50E-4AE6-B7A3-2281B367AF2D}.Release|Any CPU.Build.0 = Release|Any CPU
		{EAC3745C-CE3D-49F6-B90B-63CA7B033060}.Debug|Any CPU.ActiveCfg = Debug|Any CPU
		{EAC3745C-CE3D-49F6-B90B-63CA7B033060}.Debug|Any CPU.Build.0 = Debug|Any CPU
		{EAC3745C-CE3D-49F6-B90B-63CA7B033060}.Release|Any CPU.ActiveCfg = Release|Any CPU
		{EAC3745C-CE3D-49F6-B90B-63CA7B033060}.Release|Any CPU.Build.0 = Release|Any CPU
	EndGlobalSection
	GlobalSection(SolutionProperties) = preSolution
		HideSolutionNode = FALSE
	EndGlobalSection
	GlobalSection(ExtensibilityGlobals) = postSolution
		SolutionGuid = {965167B6-0FDB-47A3-87AA-F0C54B25B47E}
	EndGlobalSection
EndGlobal
